// !$*UTF8*$!
{
	archiveVersion = 1;
	classes = {
	};
	objectVersion = 50;
	objects = {

/* Begin PBXBuildFile section */
		12CD87112347C1DB004228EF /* AppDelegate.swift in Sources */ = {isa = PBXBuildFile; fileRef = 12CD87102347C1DB004228EF /* AppDelegate.swift */; };
		12CD87132347C1DB004228EF /* SceneDelegate.swift in Sources */ = {isa = PBXBuildFile; fileRef = 12CD87122347C1DB004228EF /* SceneDelegate.swift */; };
		12CD87152347C1DB004228EF /* ViewController.swift in Sources */ = {isa = PBXBuildFile; fileRef = 12CD87142347C1DB004228EF /* ViewController.swift */; };
		12CD87182347C1DB004228EF /* Main.storyboard in Resources */ = {isa = PBXBuildFile; fileRef = 12CD87162347C1DB004228EF /* Main.storyboard */; };
		12CD871A2347C1DB004228EF /* Assets.xcassets in Resources */ = {isa = PBXBuildFile; fileRef = 12CD87192347C1DB004228EF /* Assets.xcassets */; };
		12CD871D2347C1DB004228EF /* LaunchScreen.storyboard in Resources */ = {isa = PBXBuildFile; fileRef = 12CD871B2347C1DB004228EF /* LaunchScreen.storyboard */; };
		12CD87252347C3CE004228EF /* Animal.swift in Sources */ = {isa = PBXBuildFile; fileRef = 12CD87242347C3CE004228EF /* Animal.swift */; };
		12CD87272347C71A004228EF /* Zoologico.swift in Sources */ = {isa = PBXBuildFile; fileRef = 12CD87262347C71A004228EF /* Zoologico.swift */; };
		12CD87292347CAA3004228EF /* Especie.swift in Sources */ = {isa = PBXBuildFile; fileRef = 12CD87282347CAA3004228EF /* Especie.swift */; };
/* End PBXBuildFile section */

/* Begin PBXFileReference section */
		12CD870D2347C1DB004228EF /* FoundationClass.app */ = {isa = PBXFileReference; explicitFileType = wrapper.application; includeInIndex = 0; path = FoundationClass.app; sourceTree = BUILT_PRODUCTS_DIR; };
		12CD87102347C1DB004228EF /* AppDelegate.swift */ = {isa = PBXFileReference; lastKnownFileType = sourcecode.swift; path = AppDelegate.swift; sourceTree = "<group>"; };
		12CD87122347C1DB004228EF /* SceneDelegate.swift */ = {isa = PBXFileReference; lastKnownFileType = sourcecode.swift; path = SceneDelegate.swift; sourceTree = "<group>"; };
		12CD87142347C1DB004228EF /* ViewController.swift */ = {isa = PBXFileReference; lastKnownFileType = sourcecode.swift; path = ViewController.swift; sourceTree = "<group>"; };
		12CD87172347C1DB004228EF /* Base */ = {isa = PBXFileReference; lastKnownFileType = file.storyboard; name = Base; path = Base.lproj/Main.storyboard; sourceTree = "<group>"; };
		12CD87192347C1DB004228EF /* Assets.xcassets */ = {isa = PBXFileReference; lastKnownFileType = folder.assetcatalog; path = Assets.xcassets; sourceTree = "<group>"; };
		12CD871C2347C1DB004228EF /* Base */ = {isa = PBXFileReference; lastKnownFileType = file.storyboard; name = Base; path = Base.lproj/LaunchScreen.storyboard; sourceTree = "<group>"; };
		12CD871E2347C1DB004228EF /* Info.plist */ = {isa = PBXFileReference; lastKnownFileType = text.plist.xml; path = Info.plist; sourceTree = "<group>"; };
		12CD87242347C3CE004228EF /* Animal.swift */ = {isa = PBXFileReference; lastKnownFileType = sourcecode.swift; path = Animal.swift; sourceTree = "<group>"; };
		12CD87262347C71A004228EF /* Zoologico.swift */ = {isa = PBXFileReference; lastKnownFileType = sourcecode.swift; path = Zoologico.swift; sourceTree = "<group>"; };
		12CD87282347CAA3004228EF /* Especie.swift */ = {isa = PBXFileReference; lastKnownFileType = sourcecode.swift; path = Especie.swift; sourceTree = "<group>"; };
/* End PBXFileReference section */

/* Begin PBXFrameworksBuildPhase section */
		12CD870A2347C1DB004228EF /* Frameworks */ = {
			isa = PBXFrameworksBuildPhase;
			buildActionMask = 2147483647;
			files = (
			);
			runOnlyForDeploymentPostprocessing = 0;
		};
/* End PBXFrameworksBuildPhase section */

/* Begin PBXGroup section */
		12CD87042347C1DB004228EF = {
			isa = PBXGroup;
			children = (
				12CD870F2347C1DB004228EF /* FoundationClass */,
				12CD870E2347C1DB004228EF /* Products */,
			);
			sourceTree = "<group>";
		};
		12CD870E2347C1DB004228EF /* Products */ = {
			isa = PBXGroup;
			children = (
				12CD870D2347C1DB004228EF /* FoundationClass.app */,
			);
			name = Products;
			sourceTree = "<group>";
		};
		12CD870F2347C1DB004228EF /* FoundationClass */ = {
			isa = PBXGroup;
			children = (
				12CD87102347C1DB004228EF /* AppDelegate.swift */,
				12CD87122347C1DB004228EF /* SceneDelegate.swift */,
				12CD87142347C1DB004228EF /* ViewController.swift */,
				12CD87162347C1DB004228EF /* Main.storyboard */,
				12CD87192347C1DB004228EF /* Assets.xcassets */,
				12CD871B2347C1DB004228EF /* LaunchScreen.storyboard */,
				12CD871E2347C1DB004228EF /* Info.plist */,
				12CD87242347C3CE004228EF /* Animal.swift */,
				12CD87262347C71A004228EF /* Zoologico.swift */,
				12CD87282347CAA3004228EF /* Especie.swift */,
			);
			path = FoundationClass;
			sourceTree = "<group>";
		};
/* End PBXGroup section */

/* Begin PBXNativeTarget section */
		12CD870C2347C1DB004228EF /* FoundationClass */ = {
			isa = PBXNativeTarget;
			buildConfigurationList = 12CD87212347C1DB004228EF /* Build configuration list for PBXNativeTarget "FoundationClass" */;
			buildPhases = (
				12CD87092347C1DB004228EF /* Sources */,
				12CD870A2347C1DB004228EF /* Frameworks */,
				12CD870B2347C1DB004228EF /* Resources */,
			);
			buildRules = (
			);
			dependencies = (
			);
			name = FoundationClass;
			productName = FoundationClass;
			productReference = 12CD870D2347C1DB004228EF /* FoundationClass.app */;
			productType = "com.apple.product-type.application";
		};
/* End PBXNativeTarget section */

/* Begin PBXProject section */
		12CD87052347C1DB004228EF /* Project object */ = {
			isa = PBXProject;
			attributes = {
				LastSwiftUpdateCheck = 1100;
				LastUpgradeCheck = 1100;
				ORGANIZATIONNAME = "Magno Augusto Ferreira Ruivo";
				TargetAttributes = {
					12CD870C2347C1DB004228EF = {
						CreatedOnToolsVersion = 11.0;
					};
				};
			};
			buildConfigurationList = 12CD87082347C1DB004228EF /* Build configuration list for PBXProject "FoundationClass" */;
			compatibilityVersion = "Xcode 9.3";
			developmentRegion = en;
			hasScannedForEncodings = 0;
			knownRegions = (
				en,
				Base,
			);
			mainGroup = 12CD87042347C1DB004228EF;
			productRefGroup = 12CD870E2347C1DB004228EF /* Products */;
			projectDirPath = "";
			projectRoot = "";
			targets = (
				12CD870C2347C1DB004228EF /* FoundationClass */,
			);
		};
/* End PBXProject section */

/* Begin PBXResourcesBuildPhase section */
		12CD870B2347C1DB004228EF /* Resources */ = {
			isa = PBXResourcesBuildPhase;
			buildActionMask = 2147483647;
			files = (
				12CD871D2347C1DB004228EF /* LaunchScreen.storyboard in Resources */,
				12CD871A2347C1DB004228EF /* Assets.xcassets in Resources */,
				12CD87182347C1DB004228EF /* Main.storyboard in Resources */,
			);
			runOnlyForDeploymentPostprocessing = 0;
		};
/* End PBXResourcesBuildPhase section */

/* Begin PBXSourcesBuildPhase section */
		12CD87092347C1DB004228EF /* Sources */ = {
			isa = PBXSourcesBuildPhase;
			buildActionMask = 2147483647;
			files = (
				12CD87272347C71A004228EF /* Zoologico.swift in Sources */,
				12CD87152347C1DB004228EF /* ViewController.swift in Sources */,
				12CD87252347C3CE004228EF /* Animal.swift in Sources */,
				12CD87112347C1DB004228EF /* AppDelegate.swift in Sources */,
				12CD87292347CAA3004228EF /* Especie.swift in Sources */,
				12CD87132347C1DB004228EF /* SceneDelegate.swift in Sources */,
			);
			runOnlyForDeploymentPostprocessing = 0;
		};
/* End PBXSourcesBuildPhase section */

/* Begin PBXVariantGroup section */
		12CD87162347C1DB004228EF /* Main.storyboard */ = {
			isa = PBXVariantGroup;
			children = (
				12CD87172347C1DB004228EF /* Base */,
			);
			name = Main.storyboard;
			sourceTree = "<group>";
		};
		12CD871B2347C1DB004228EF /* LaunchScreen.storyboard */ = {
			isa = PBXVariantGroup;
			children = (
				12CD871C2347C1DB004228EF /* Base */,
			);
			name = LaunchScreen.storyboard;
			sourceTree = "<group>";
		};
/* End PBXVariantGroup section */

/* Begin XCBuildConfiguration section */
		12CD871F2347C1DB004228EF /* Debug */ = {
			isa = XCBuildConfiguration;
			buildSettings = {
				ALWAYS_SEARCH_USER_PATHS = NO;
				CLANG_ANALYZER_NONNULL = YES;
				CLANG_ANALYZER_NUMBER_OBJECT_CONVERSION = YES_AGGRESSIVE;
				CLANG_CXX_LANGUAGE_STANDARD = "gnu++14";
				CLANG_CXX_LIBRARY = "libc++";
				CLANG_ENABLE_MODULES = YES;
				CLANG_ENABLE_OBJC_ARC = YES;
				CLANG_ENABLE_OBJC_WEAK = YES;
				CLANG_WARN_BLOCK_CAPTURE_AUTORELEASING = YES;
				CLANG_WARN_BOOL_CONVERSION = YES;
				CLANG_WARN_COMMA = YES;
				CLANG_WARN_CONSTANT_CONVERSION = YES;
				CLANG_WARN_DEPRECATED_OBJC_IMPLEMENTATIONS = YES;
				CLANG_WARN_DIRECT_OBJC_ISA_USAGE = YES_ERROR;
				CLANG_WARN_DOCUMENTATION_COMMENTS = YES;
				CLANG_WARN_EMPTY_BODY = YES;
				CLANG_WARN_ENUM_CONVERSION = YES;
				CLANG_WARN_INFINITE_RECURSION = YES;
				CLANG_WARN_INT_CONVERSION = YES;
				CLANG_WARN_NON_LITERAL_NULL_CONVERSION = YES;
				CLANG_WARN_OBJC_IMPLICIT_RETAIN_SELF = YES;
				CLANG_WARN_OBJC_LITERAL_CONVERSION = YES;
				CLANG_WARN_OBJC_ROOT_CLASS = YES_ERROR;
				CLANG_WARN_RANGE_LOOP_ANALYSIS = YES;
				CLANG_WARN_STRICT_PROTOTYPES = YES;
				CLANG_WARN_SUSPICIOUS_MOVE = YES;
				CLANG_WARN_UNGUARDED_AVAILABILITY = YES_AGGRESSIVE;
				CLANG_WARN_UNREACHABLE_CODE = YES;
				CLANG_WARN__DUPLICATE_METHOD_MATCH = YES;
				COPY_PHASE_STRIP = NO;
				DEBUG_INFORMATION_FORMAT = dwarf;
				ENABLE_STRICT_OBJC_MSGSEND = YES;
				ENABLE_TESTABILITY = YES;
				GCC_C_LANGUAGE_STANDARD = gnu11;
				GCC_DYNAMIC_NO_PIC = NO;
				GCC_NO_COMMON_BLOCKS = YES;
				GCC_OPTIMIZATION_LEVEL = 0;
				GCC_PREPROCESSOR_DEFINITIONS = (
					"DEBUG=1",
					"$(inherited)",
				);
				GCC_WARN_64_TO_32_BIT_CONVERSION = YES;
				GCC_WARN_ABOUT_RETURN_TYPE = YES_ERROR;
				GCC_WARN_UNDECLARED_SELECTOR = YES;
				GCC_WARN_UNINITIALIZED_AUTOS = YES_AGGRESSIVE;
				GCC_WARN_UNUSED_FUNCTION = YES;
				GCC_WARN_UNUSED_VARIABLE = YES;
				IPHONEOS_DEPLOYMENT_TARGET = 13.0;
				MTL_ENABLE_DEBUG_INFO = INCLUDE_SOURCE;
				MTL_FAST_MATH = YES;
				ONLY_ACTIVE_ARCH = YES;
				SDKROOT = iphoneos;
				SWIFT_ACTIVE_COMPILATION_CONDITIONS = DEBUG;
				SWIFT_OPTIMIZATION_LEVEL = "-Onone";
			};
			name = Debug;
		};
		12CD87202347C1DB004228EF /* Release */ = {
			isa = XCBuildConfiguration;
			buildSettings = {
				ALWAYS_SEARCH_USER_PATHS = NO;
				CLANG_ANALYZER_NONNULL = YES;
				CLANG_ANALYZER_NUMBER_OBJECT_CONVERSION = YES_AGGRESSIVE;
				CLANG_CXX_LANGUAGE_STANDARD = "gnu++14";
				CLANG_CXX_LIBRARY = "libc++";
				CLANG_ENABLE_MODULES = YES;
				CLANG_ENABLE_OBJC_ARC = YES;
				CLANG_ENABLE_OBJC_WEAK = YES;
				CLANG_WARN_BLOCK_CAPTURE_AUTORELEASING = YES;
				CLANG_WARN_BOOL_CONVERSION = YES;
				CLANG_WARN_COMMA = YES;
				CLANG_WARN_CONSTANT_CONVERSION = YES;
				CLANG_WARN_DEPRECATED_OBJC_IMPLEMENTATIONS = YES;
				CLANG_WARN_DIRECT_OBJC_ISA_USAGE = YES_ERROR;
				CLANG_WARN_DOCUMENTATION_COMMENTS = YES;
				CLANG_WARN_EMPTY_BODY = YES;
				CLANG_WARN_ENUM_CONVERSION = YES;
				CLANG_WARN_INFINITE_RECURSION = YES;
				CLANG_WARN_INT_CONVERSION = YES;
				CLANG_WARN_NON_LITERAL_NULL_CONVERSION = YES;
				CLANG_WARN_OBJC_IMPLICIT_RETAIN_SELF = YES;
				CLANG_WARN_OBJC_LITERAL_CONVERSION = YES;
				CLANG_WARN_OBJC_ROOT_CLASS = YES_ERROR;
				CLANG_WARN_RANGE_LOOP_ANALYSIS = YES;
				CLANG_WARN_STRICT_PROTOTYPES = YES;
				CLANG_WARN_SUSPICIOUS_MOVE = YES;
				CLANG_WARN_UNGUARDED_AVAILABILITY = YES_AGGRESSIVE;
				CLANG_WARN_UNREACHABLE_CODE = YES;
				CLANG_WARN__DUPLICATE_METHOD_MATCH = YES;
				COPY_PHASE_STRIP = NO;
				DEBUG_INFORMATION_FORMAT = "dwarf-with-dsym";
				ENABLE_NS_ASSERTIONS = NO;
				ENABLE_STRICT_OBJC_MSGSEND = YES;
				GCC_C_LANGUAGE_STANDARD = gnu11;
				GCC_NO_COMMON_BLOCKS = YES;
				GCC_WARN_64_TO_32_BIT_CONVERSION = YES;
				GCC_WARN_ABOUT_RETURN_TYPE = YES_ERROR;
				GCC_WARN_UNDECLARED_SELECTOR = YES;
				GCC_WARN_UNINITIALIZED_AUTOS = YES_AGGRESSIVE;
				GCC_WARN_UNUSED_FUNCTION = YES;
				GCC_WARN_UNUSED_VARIABLE = YES;
				IPHONEOS_DEPLOYMENT_TARGET = 13.0;
				MTL_ENABLE_DEBUG_INFO = NO;
				MTL_FAST_MATH = YES;
				SDKROOT = iphoneos;
				SWIFT_COMPILATION_MODE = wholemodule;
				SWIFT_OPTIMIZATION_LEVEL = "-O";
				VALIDATE_PRODUCT = YES;
			};
			name = Release;
		};
		12CD87222347C1DB004228EF /* Debug */ = {
			isa = XCBuildConfiguration;
			buildSettings = {
				ASSETCATALOG_COMPILER_APPICON_NAME = AppIcon;
				CODE_SIGN_STYLE = Automatic;
				DEVELOPMENT_TEAM = KFFGVTCR47;
				INFOPLIST_FILE = FoundationClass/Info.plist;
				LD_RUNPATH_SEARCH_PATHS = (
					"$(inherited)",
					"@executable_path/Frameworks",
				);
				PRODUCT_BUNDLE_IDENTIFIER = Mag.FoundationClass;
				PRODUCT_NAME = "$(TARGET_NAME)";
				SWIFT_VERSION = 5.0;
				TARGETED_DEVICE_FAMILY = "1,2";
			};
			name = Debug;
		};
		12CD87232347C1DB004228EF /* Release */ = {
			isa = XCBuildConfiguration;
			buildSettings = {
				ASSETCATALOG_COMPILER_APPICON_NAME = AppIcon;
				CODE_SIGN_STYLE = Automatic;
				DEVELOPMENT_TEAM = KFFGVTCR47;
				INFOPLIST_FILE = FoundationClass/Info.plist;
				LD_RUNPATH_SEARCH_PATHS = (
					"$(inherited)",
					"@executable_path/Frameworks",
				);
				PRODUCT_BUNDLE_IDENTIFIER = Mag.FoundationClass;
				PRODUCT_NAME = "$(TARGET_NAME)";
				SWIFT_VERSION = 5.0;
				TARGETED_DEVICE_FAMILY = "1,2";
			};
			name = Release;
		};
/* End XCBuildConfiguration section */

/* Begin XCConfigurationList section */
		12CD87082347C1DB004228EF /* Build configuration list for PBXProject "FoundationClass" */ = {
			isa = XCConfigurationList;
			buildConfigurations = (
				12CD871F2347C1DB004228EF /* Debug */,
				12CD87202347C1DB004228EF /* Release */,
			);
			defaultConfigurationIsVisible = 0;
			defaultConfigurationName = Release;
		};
		12CD87212347C1DB004228EF /* Build configuration list for PBXNativeTarget "FoundationClass" */ = {
			isa = XCConfigurationList;
			buildConfigurations = (
				12CD87222347C1DB004228EF /* Debug */,
				12CD87232347C1DB004228EF /* Release */,
			);
			defaultConfigurationIsVisible = 0;
			defaultConfigurationName = Release;
		};
/* End XCConfigurationList section */
	};
	rootObject = 12CD87052347C1DB004228EF /* Project object */;
}
